
Microsoft Visual Studio Solution File, Format Version 12.00
# Visual Studio Version 17
VisualStudioVersion = 17.5.33502.453
MinimumVisualStudioVersion = 10.0.40219.1
Project("{FAE04EC0-301F-11D3-BF4B-00C04F79EFBC}") = "LibraryWF", "LibraryWF\LibraryWF.csproj", "{E6B75B02-6199-47F9-A279-563BF12E2A89}"
EndProject
Project("{2150E333-8FDC-42A3-9474-1A3956D46DE8}") = "Solution Items", "Solution Items", "{A3187734-7DF8-474E-80AC-29F8708362AE}"
EndProject
Global
	GlobalSection(SolutionConfigurationPlatforms) = preSolution
		Debug|Any CPU = Debug|Any CPU
		Release|Any CPU = Release|Any CPU
	EndGlobalSection
	GlobalSection(ProjectConfigurationPlatforms) = postSolution
		{E6B75B02-6199-47F9-A279-563BF12E2A89}.Debug|Any CPU.ActiveCfg = Debug|Any CPU
		{E6B75B02-6199-47F9-A279-563BF12E2A89}.Debug|Any CPU.Build.0 = Debug|Any CPU
		{E6B75B02-6199-47F9-A279-563BF12E2A89}.Release|Any CPU.ActiveCfg = Release|Any CPU
		{E6B75B02-6199-47F9-A279-563BF12E2A89}.Release|Any CPU.Build.0 = Release|Any CPU
	EndGlobalSection
	GlobalSection(SolutionProperties) = preSolution
		HideSolutionNode = FALSE
	EndGlobalSection
	GlobalSection(ExtensibilityGlobals) = postSolution
		SolutionGuid = {BFC2E700-CF1D-4ADA-A556-7E037B6074F8}
	EndGlobalSection
EndGlobal
